
Microsoft Visual Studio Solution File, Format Version 12.00
# Visual Studio Version 17
VisualStudioVersion = 17.10.35122.118
MinimumVisualStudioVersion = 10.0.40219.1
Project("{FAE04EC0-301F-11D3-BF4B-00C04F79EFBC}") = "WindowsFormsApp2", "WindowsFormsApp2\WindowsFormsApp2.csproj", "{D1B10F98-B84B-4307-8F7D-57674A80CF43}"
EndProject
Global
	GlobalSection(SolutionConfigurationPlatforms) = preSolution
		Debug|Any CPU = Debug|Any CPU
		Release|Any CPU = Release|Any CPU
	EndGlobalSection
	GlobalSection(ProjectConfigurationPlatforms) = postSolution
		{D1B10F98-B84B-4307-8F7D-57674A80CF43}.Debug|Any CPU.ActiveCfg = Debug|Any CPU
		{D1B10F98-B84B-4307-8F7D-57674A80CF43}.Debug|Any CPU.Build.0 = Debug|Any CPU
		{D1B10F98-B84B-4307-8F7D-57674A80CF43}.Release|Any CPU.ActiveCfg = Release|Any CPU
		{D1B10F98-B84B-4307-8F7D-57674A80CF43}.Release|Any CPU.Build.0 = Release|Any CPU
	EndGlobalSection
	GlobalSection(SolutionProperties) = preSolution
		HideSolutionNode = FALSE
	EndGlobalSection
	GlobalSection(ExtensibilityGlobals) = postSolution
		SolutionGuid = {B77C874F-9CF8-4F0F-AE87-76B9848A882F}
	EndGlobalSection
EndGlobal
